{
    "version": 3,
    "terraform_version": "0.11.8",
    "serial": 8,
    "lineage": "c4fc94eb-c0e7-1f06-5356-bf3d7c52041f",
    "modules": [
        {
            "path": [
                "root"
            ],
            "outputs": {},
            "resources": {
                "data.openstack_networking_network_v2.extnet": {
                    "type": "openstack_networking_network_v2",
                    "depends_on": [],
                    "primary": {
                        "id": "0a2228f2-7f8a-45f1-8e09-9039e1d09975",
                        "attributes": {
                            "admin_state_up": "true",
                            "availability_zone_hints.#": "0",
                            "external": "true",
                            "id": "0a2228f2-7f8a-45f1-8e09-9039e1d09975",
                            "name": "admin_external_net",
                            "region": "eu-de",
                            "shared": "true",
                            "tenant_id": "4b7a4342e4b54d1590cfa088318ad732"
                        },
                        "meta": {},
                        "tainted": false
                    },
                    "deposed": [],
                    "provider": "provider.openstack"
                },
                "data.template_file.inventory": {
                    "type": "template_file",
                    "depends_on": [
                        "openstack_compute_instance_v2.controller",
                        "openstack_compute_instance_v2.controller.*",
                        "openstack_compute_instance_v2.k8s-worker.*",
                        "openstack_networking_floatingip_v2.fip"
                    ],
                    "primary": {
                        "id": "b45699840c415480c2affdfce5021e119ac3012b0463c3f4b35451c8ea6d6397",
                        "attributes": {
                            "id": "b45699840c415480c2affdfce5021e119ac3012b0463c3f4b35451c8ea6d6397",
                            "rendered": "[all:vars]\nansible_ssh_common_args='-o ProxyCommand=\\\"ssh -W %h:%p -q ubuntu@160.44.204.91\\\" -o StrictHostKeyChecking=no -o UserKnownHostsFile=/dev/null'\nansible_python_interpreter=/usr/bin/python3\napiserver=192.168.10.5\nextern_apiserver=160.44.204.91\n[master]\n192.168.10.5\n[worker]\n192.168.10.188\n192.168.10.151\n192.168.10.95\n192.168.10.135\n192.168.10.13\n",
                            "template": "[all:vars]\nansible_ssh_common_args='-o ProxyCommand=\\\"ssh -W %h:%p -q ubuntu@${api_external}\\\" -o StrictHostKeyChecking=no -o UserKnownHostsFile=/dev/null'\nansible_python_interpreter=/usr/bin/python3\napiserver=${api_internal}\nextern_apiserver=${api_external}\n[master]\n${master}\n[worker]\n${worker}\n",
                            "vars.%": "4",
                            "vars.api_external": "160.44.204.91",
                            "vars.api_internal": "192.168.10.5",
                            "vars.master": "192.168.10.5",
                            "vars.worker": "192.168.10.188\n192.168.10.151\n192.168.10.95\n192.168.10.135\n192.168.10.13"
                        },
                        "meta": {},
                        "tainted": false
                    },
                    "deposed": [],
                    "provider": "provider.template"
                },
                "data.template_file.k8s": {
                    "type": "template_file",
                    "depends_on": [],
                    "primary": {
                        "id": "5c9153dcc6a174caa3cd8c9450ce2d7d53ffcdc8e0b41fe3167cc0b75548929b",
                        "attributes": {
                            "id": "5c9153dcc6a174caa3cd8c9450ce2d7d53ffcdc8e0b41fe3167cc0b75548929b",
                            "rendered": "#cloud-config\npackages:\n- docker.io\n\nruncmd:\n- systemctl start docker.io\n- systemctl enable docker.io\n- systemctl start etcd\n- systemctl enable etcd\n\n\nwrite_files:\n- path: /etc/systemd/system/etcd.service\n  content: |\n    [Unit]\n    Description = Etcd Service\n    After       = network.target docker.service k8sgencert.service\n    [Service]\n    ExecStartPre = -/usr/bin/docker rm -f etcd\n    ExecStart   =  /usr/bin/docker run  -v etcd:/data/  --rm --net=host -v /etc/kubernetes/ssl:/etc/kubernetes/ssl:ro \\\n    --name=etcd  \"quay.io/coreos/etcd:v3.2\" etcd  --debug --data-dir /data\n    Restart      = always\n    RestartSec=10\n    [Install]\n    WantedBy    = multi-user.target\n",
                            "template": "#cloud-config\npackages:\n- ${package}\n\nruncmd:\n- systemctl start ${package}\n- systemctl enable ${package}\n- systemctl start etcd\n- systemctl enable etcd\n\n\nwrite_files:\n- path: /etc/systemd/system/etcd.service\n  content: |\n    [Unit]\n    Description = Etcd Service\n    After       = network.target docker.service k8sgencert.service\n    [Service]\n    ExecStartPre = -/usr/bin/docker rm -f etcd\n    ExecStart   =  /usr/bin/docker run  -v etcd:/data/  --rm --net=host -v /etc/kubernetes/ssl:/etc/kubernetes/ssl:ro \\\n    --name=etcd  \"${etcdimage}\" etcd  --debug --data-dir /data\n    Restart      = always\n    RestartSec=10\n    [Install]\n    WantedBy    = multi-user.target\n",
                            "vars.%": "3",
                            "vars.etcdimage": "quay.io/coreos/etcd:v3.2",
                            "vars.hyperkubeimage": "gcr.io/google-containers/hyperkube:v1.9.3",
                            "vars.package": "docker.io"
                        },
                        "meta": {},
                        "tainted": false
                    },
                    "deposed": [],
                    "provider": "provider.template"
                },
                "data.template_file.worker": {
                    "type": "template_file",
                    "depends_on": [],
                    "primary": {
                        "id": "5cc1bf2145a2b7a2c412b2be62e740c18c3208a60d7a4090340d68a5239e09ad",
                        "attributes": {
                            "id": "5cc1bf2145a2b7a2c412b2be62e740c18c3208a60d7a4090340d68a5239e09ad",
                            "rendered": "#cloud-config\npackages:\n- docker.io\n\nruncmd:\n- systemctl start docker.io\n- systemctl enable docker.io\n\n",
                            "template": "#cloud-config\npackages:\n- ${package}\n\nruncmd:\n- systemctl start ${package}\n- systemctl enable ${package}\n\n",
                            "vars.%": "2",
                            "vars.hyperkubeimage": "gcr.io/google-containers/hyperkube:v1.9.3",
                            "vars.package": "docker.io"
                        },
                        "meta": {},
                        "tainted": false
                    },
                    "deposed": [],
                    "provider": "provider.template"
                },
                "null_resource.local": {
                    "type": "null_resource",
                    "depends_on": [
                        "data.template_file.inventory"
                    ],
                    "primary": {
                        "id": "1573011011629477013",
                        "attributes": {
                            "id": "1573011011629477013",
                            "triggers.%": "1",
                            "triggers.template": "[all:vars]\nansible_ssh_common_args='-o ProxyCommand=\\\"ssh -W %h:%p -q ubuntu@160.44.204.91\\\" -o StrictHostKeyChecking=no -o UserKnownHostsFile=/dev/null'\nansible_python_interpreter=/usr/bin/python3\napiserver=192.168.10.5\nextern_apiserver=160.44.204.91\n[master]\n192.168.10.5\n[worker]\n192.168.10.188\n192.168.10.151\n192.168.10.95\n192.168.10.135\n192.168.10.13\n"
                        },
                        "meta": {},
                        "tainted": false
                    },
                    "deposed": [],
                    "provider": "provider.null"
                },
                "openstack_compute_instance_v2.controller": {
                    "type": "openstack_compute_instance_v2",
                    "depends_on": [
                        "data.template_file.k8s",
                        "openstack_compute_keypair_v2.keypair",
                        "openstack_networking_port_v2.network_port.*",
                        "openstack_networking_router_interface_v2.interface"
                    ],
                    "primary": {
                        "id": "a38b9f5c-7ca5-4678-9124-2fd104857b31",
                        "attributes": {
                            "access_ip_v4": "192.168.10.5",
                            "access_ip_v6": "",
                            "all_metadata.%": "0",
                            "availability_zone": "eu-de-02",
                            "flavor_id": "normal1",
                            "flavor_name": "s1.medium",
                            "force_delete": "false",
                            "id": "a38b9f5c-7ca5-4678-9124-2fd104857b31",
                            "image_id": "bdc1bed3-ede4-4a47-b5a5-3dfaa3a6b9e9",
                            "image_name": "Community_Ubuntu_16.04_TSI_latest",
                            "key_pair": "terraform-terraform_key",
                            "name": "controller",
                            "network.#": "1",
                            "network.0.access_network": "true",
                            "network.0.fixed_ip_v4": "192.168.10.5",
                            "network.0.fixed_ip_v6": "",
                            "network.0.floating_ip": "",
                            "network.0.mac": "fa:16:3e:7e:1a:25",
                            "network.0.name": "terraform-network",
                            "network.0.port": "4375bac7-06c2-45f4-97e5-3e9f93150761",
                            "network.0.uuid": "7157e08b-ec3a-4cf1-a9e5-8b6082e9c932",
                            "power_state": "active",
                            "region": "eu-de",
                            "security_groups.#": "1",
                            "security_groups.3072768210": "terraform-secgrp-web",
                            "stop_before_destroy": "false",
                            "user_data": "bf9d179593392bedc0f2180dd8e972efb60243fd"
                        },
                        "meta": {
                            "e2bfb730-ecaa-11e6-8f88-34363bc7c4c0": {
                                "create": 1800000000000,
                                "delete": 1800000000000,
                                "update": 1800000000000
                            }
                        },
                        "tainted": false
                    },
                    "deposed": [],
                    "provider": "provider.openstack"
                },
                "openstack_compute_instance_v2.k8s-worker.0": {
                    "type": "openstack_compute_instance_v2",
                    "depends_on": [
                        "data.template_file.worker",
                        "openstack_compute_keypair_v2.keypair",
                        "openstack_networking_port_v2.worker_network_port.*",
                        "openstack_networking_router_interface_v2.interface"
                    ],
                    "primary": {
                        "id": "ed7219f6-b9dc-4f70-bc61-f54fcadf1569",
                        "attributes": {
                            "access_ip_v4": "192.168.10.188",
                            "access_ip_v6": "",
                            "all_metadata.%": "0",
                            "availability_zone": "eu-de-02",
                            "flavor_id": "normal1",
                            "flavor_name": "s1.medium",
                            "force_delete": "false",
                            "id": "ed7219f6-b9dc-4f70-bc61-f54fcadf1569",
                            "image_id": "bdc1bed3-ede4-4a47-b5a5-3dfaa3a6b9e9",
                            "image_name": "Community_Ubuntu_16.04_TSI_latest",
                            "key_pair": "terraform-terraform_key",
                            "name": "terraform-worker01",
                            "network.#": "1",
                            "network.0.access_network": "true",
                            "network.0.fixed_ip_v4": "192.168.10.188",
                            "network.0.fixed_ip_v6": "",
                            "network.0.floating_ip": "",
                            "network.0.mac": "fa:16:3e:ac:66:6f",
                            "network.0.name": "terraform-network",
                            "network.0.port": "67e945b3-a9e0-4202-b9cc-bba9a3872ddf",
                            "network.0.uuid": "7157e08b-ec3a-4cf1-a9e5-8b6082e9c932",
                            "power_state": "active",
                            "region": "eu-de",
                            "security_groups.#": "1",
                            "security_groups.3072768210": "terraform-secgrp-web",
                            "stop_before_destroy": "false",
                            "user_data": "23fa27a0e3cf36fdfc9ecfc3fd94425853bcf6a0"
                        },
                        "meta": {
                            "e2bfb730-ecaa-11e6-8f88-34363bc7c4c0": {
                                "create": 1800000000000,
                                "delete": 1800000000000,
                                "update": 1800000000000
                            }
                        },
                        "tainted": false
                    },
                    "deposed": [],
                    "provider": "provider.openstack"
                },
                "openstack_compute_instance_v2.k8s-worker.1": {
                    "type": "openstack_compute_instance_v2",
                    "depends_on": [
                        "data.template_file.worker",
                        "openstack_compute_keypair_v2.keypair",
                        "openstack_networking_port_v2.worker_network_port.*",
                        "openstack_networking_router_interface_v2.interface"
                    ],
                    "primary": {
                        "id": "cc2b2acb-89c0-4d85-a36b-435fa0e5a64f",
                        "attributes": {
                            "access_ip_v4": "192.168.10.151",
                            "access_ip_v6": "",
                            "all_metadata.%": "0",
                            "availability_zone": "eu-de-02",
                            "flavor_id": "normal1",
                            "flavor_name": "s1.medium",
                            "force_delete": "false",
                            "id": "cc2b2acb-89c0-4d85-a36b-435fa0e5a64f",
                            "image_id": "bdc1bed3-ede4-4a47-b5a5-3dfaa3a6b9e9",
                            "image_name": "Community_Ubuntu_16.04_TSI_latest",
                            "key_pair": "terraform-terraform_key",
                            "name": "terraform-worker02",
                            "network.#": "1",
                            "network.0.access_network": "true",
                            "network.0.fixed_ip_v4": "192.168.10.151",
                            "network.0.fixed_ip_v6": "",
                            "network.0.floating_ip": "",
                            "network.0.mac": "fa:16:3e:cc:fd:56",
                            "network.0.name": "terraform-network",
                            "network.0.port": "8f03c0f8-f2c8-45e2-9c29-58dd4d84781c",
                            "network.0.uuid": "7157e08b-ec3a-4cf1-a9e5-8b6082e9c932",
                            "power_state": "active",
                            "region": "eu-de",
                            "security_groups.#": "1",
                            "security_groups.3072768210": "terraform-secgrp-web",
                            "stop_before_destroy": "false",
                            "user_data": "23fa27a0e3cf36fdfc9ecfc3fd94425853bcf6a0"
                        },
                        "meta": {
                            "e2bfb730-ecaa-11e6-8f88-34363bc7c4c0": {
                                "create": 1800000000000,
                                "delete": 1800000000000,
                                "update": 1800000000000
                            }
                        },
                        "tainted": false
                    },
                    "deposed": [],
                    "provider": "provider.openstack"
                },
                "openstack_compute_instance_v2.k8s-worker.2": {
                    "type": "openstack_compute_instance_v2",
                    "depends_on": [
                        "data.template_file.worker",
                        "openstack_compute_keypair_v2.keypair",
                        "openstack_networking_port_v2.worker_network_port.*",
                        "openstack_networking_router_interface_v2.interface"
                    ],
                    "primary": {
                        "id": "0c08cbd4-2f67-4c43-96ab-88a59beacff2",
                        "attributes": {
                            "access_ip_v4": "192.168.10.95",
                            "access_ip_v6": "",
                            "all_metadata.%": "0",
                            "availability_zone": "eu-de-02",
                            "flavor_id": "normal1",
                            "flavor_name": "s1.medium",
                            "force_delete": "false",
                            "id": "0c08cbd4-2f67-4c43-96ab-88a59beacff2",
                            "image_id": "bdc1bed3-ede4-4a47-b5a5-3dfaa3a6b9e9",
                            "image_name": "Community_Ubuntu_16.04_TSI_latest",
                            "key_pair": "terraform-terraform_key",
                            "name": "terraform-worker03",
                            "network.#": "1",
                            "network.0.access_network": "true",
                            "network.0.fixed_ip_v4": "192.168.10.95",
                            "network.0.fixed_ip_v6": "",
                            "network.0.floating_ip": "",
                            "network.0.mac": "fa:16:3e:3b:5a:f1",
                            "network.0.name": "terraform-network",
                            "network.0.port": "c49a06da-e5bb-4a97-9d4c-082629c3132a",
                            "network.0.uuid": "7157e08b-ec3a-4cf1-a9e5-8b6082e9c932",
                            "power_state": "active",
                            "region": "eu-de",
                            "security_groups.#": "1",
                            "security_groups.3072768210": "terraform-secgrp-web",
                            "stop_before_destroy": "false",
                            "user_data": "23fa27a0e3cf36fdfc9ecfc3fd94425853bcf6a0"
                        },
                        "meta": {
                            "e2bfb730-ecaa-11e6-8f88-34363bc7c4c0": {
                                "create": 1800000000000,
                                "delete": 1800000000000,
                                "update": 1800000000000
                            }
                        },
                        "tainted": false
                    },
                    "deposed": [],
                    "provider": "provider.openstack"
                },
                "openstack_compute_instance_v2.k8s-worker.3": {
                    "type": "openstack_compute_instance_v2",
                    "depends_on": [
                        "data.template_file.worker",
                        "openstack_compute_keypair_v2.keypair",
                        "openstack_networking_port_v2.worker_network_port.*",
                        "openstack_networking_router_interface_v2.interface"
                    ],
                    "primary": {
                        "id": "b7d57966-ca39-4567-9221-b450fb211d78",
                        "attributes": {
                            "access_ip_v4": "192.168.10.135",
                            "access_ip_v6": "",
                            "all_metadata.%": "0",
                            "availability_zone": "eu-de-02",
                            "flavor_id": "normal1",
                            "flavor_name": "s1.medium",
                            "force_delete": "false",
                            "id": "b7d57966-ca39-4567-9221-b450fb211d78",
                            "image_id": "bdc1bed3-ede4-4a47-b5a5-3dfaa3a6b9e9",
                            "image_name": "Community_Ubuntu_16.04_TSI_latest",
                            "key_pair": "terraform-terraform_key",
                            "name": "terraform-worker04",
                            "network.#": "1",
                            "network.0.access_network": "true",
                            "network.0.fixed_ip_v4": "192.168.10.135",
                            "network.0.fixed_ip_v6": "",
                            "network.0.floating_ip": "",
                            "network.0.mac": "fa:16:3e:cb:34:c9",
                            "network.0.name": "terraform-network",
                            "network.0.port": "b50920ce-684c-4bdf-9437-a6a829232a6a",
                            "network.0.uuid": "7157e08b-ec3a-4cf1-a9e5-8b6082e9c932",
                            "power_state": "active",
                            "region": "eu-de",
                            "security_groups.#": "1",
                            "security_groups.3072768210": "terraform-secgrp-web",
                            "stop_before_destroy": "false",
                            "user_data": "23fa27a0e3cf36fdfc9ecfc3fd94425853bcf6a0"
                        },
                        "meta": {
                            "e2bfb730-ecaa-11e6-8f88-34363bc7c4c0": {
                                "create": 1800000000000,
                                "delete": 1800000000000,
                                "update": 1800000000000
                            }
                        },
                        "tainted": false
                    },
                    "deposed": [],
                    "provider": "provider.openstack"
                },
                "openstack_compute_instance_v2.k8s-worker.4": {
                    "type": "openstack_compute_instance_v2",
                    "depends_on": [
                        "data.template_file.worker",
                        "openstack_compute_keypair_v2.keypair",
                        "openstack_networking_port_v2.worker_network_port.*",
                        "openstack_networking_router_interface_v2.interface"
                    ],
                    "primary": {
                        "id": "1d8ecfff-3b65-4456-888e-af1349af38d6",
                        "attributes": {
                            "access_ip_v4": "192.168.10.13",
                            "access_ip_v6": "",
                            "all_metadata.%": "0",
                            "availability_zone": "eu-de-02",
                            "flavor_id": "normal1",
                            "flavor_name": "s1.medium",
                            "force_delete": "false",
                            "id": "1d8ecfff-3b65-4456-888e-af1349af38d6",
                            "image_id": "bdc1bed3-ede4-4a47-b5a5-3dfaa3a6b9e9",
                            "image_name": "Community_Ubuntu_16.04_TSI_latest",
                            "key_pair": "terraform-terraform_key",
                            "name": "terraform-worker05",
                            "network.#": "1",
                            "network.0.access_network": "true",
                            "network.0.fixed_ip_v4": "192.168.10.13",
                            "network.0.fixed_ip_v6": "",
                            "network.0.floating_ip": "",
                            "network.0.mac": "fa:16:3e:30:45:f5",
                            "network.0.name": "terraform-network",
                            "network.0.port": "21000c85-a743-413e-94cc-fd022ba1f8e8",
                            "network.0.uuid": "7157e08b-ec3a-4cf1-a9e5-8b6082e9c932",
                            "power_state": "active",
                            "region": "eu-de",
                            "security_groups.#": "1",
                            "security_groups.3072768210": "terraform-secgrp-web",
                            "stop_before_destroy": "false",
                            "user_data": "23fa27a0e3cf36fdfc9ecfc3fd94425853bcf6a0"
                        },
                        "meta": {
                            "e2bfb730-ecaa-11e6-8f88-34363bc7c4c0": {
                                "create": 1800000000000,
                                "delete": 1800000000000,
                                "update": 1800000000000
                            }
                        },
                        "tainted": false
                    },
                    "deposed": [],
                    "provider": "provider.openstack"
                },
                "openstack_compute_keypair_v2.keypair": {
                    "type": "openstack_compute_keypair_v2",
                    "depends_on": [],
                    "primary": {
                        "id": "terraform-terraform_key",
                        "attributes": {
                            "fingerprint": "70:c0:75:98:f2:54:b3:12:21:b8:e7:e6:60:27:a8:04",
                            "id": "terraform-terraform_key",
                            "name": "terraform-terraform_key",
                            "private_key": "",
                            "public_key": "ssh-rsa AAAAB3NzaC1yc2EAAAADAQABAAABAQDG/rYrk76sXQGuwXSfv0XHNKTMVDzCBciQq184IrO/AdJXqYh79bpadnFiyVBW/Mfm3FkJ5AHFBrZb8U4lyOmygLWWe8XGOjwXr/mJpkDnj4UoOOZdxYQWpRlnawUAd3yDoRiMsLIfdW/9OP89khWfXYHS/oID8dsV6Ngmi8OfeGGtv0P3mj3Gtsk+2VdOuihz8C4ChGMe6efWmupT12YSZrLsoYGcSydnCSdkuFvZq1uShVgG7egyKT907OnowfmZLknbzl/8hbMjIJFVNGC9HJzmy3FxmcqPAoH2sJ19ELJljecxV67IyT6A1HlniApzOEWCJJVbM2AJY+8w3pcX antonio.signore@gmail.com\n",
                            "region": "eu-de"
                        },
                        "meta": {},
                        "tainted": false
                    },
                    "deposed": [],
                    "provider": "provider.openstack"
                },
                "openstack_compute_secgroup_v2.secgrp_web": {
                    "type": "openstack_compute_secgroup_v2",
                    "depends_on": [],
                    "primary": {
                        "id": "beb33e73-a0a9-4c7b-a106-4bfe28865e80",
                        "attributes": {
                            "description": "Webserver Security Group",
                            "id": "beb33e73-a0a9-4c7b-a106-4bfe28865e80",
                            "name": "terraform-secgrp-web",
                            "region": "eu-de",
                            "rule.#": "3",
                            "rule.1798423010.cidr": "0.0.0.0/0",
                            "rule.1798423010.from_group_id": "",
                            "rule.1798423010.from_port": "1",
                            "rule.1798423010.id": "88606626-dbe8-4f8b-9165-3ca78dfb008c",
                            "rule.1798423010.ip_protocol": "udp",
                            "rule.1798423010.self": "false",
                            "rule.1798423010.to_port": "65535",
                            "rule.2180185248.cidr": "0.0.0.0/0",
                            "rule.2180185248.from_group_id": "",
                            "rule.2180185248.from_port": "-1",
                            "rule.2180185248.id": "b16a430a-8e20-4681-8525-2f8713184239",
                            "rule.2180185248.ip_protocol": "icmp",
                            "rule.2180185248.self": "false",
                            "rule.2180185248.to_port": "-1",
                            "rule.363848943.cidr": "0.0.0.0/0",
                            "rule.363848943.from_group_id": "",
                            "rule.363848943.from_port": "1",
                            "rule.363848943.id": "9df2cdd8-f331-4d3c-bb85-f9e882d6d2e4",
                            "rule.363848943.ip_protocol": "tcp",
                            "rule.363848943.self": "false",
                            "rule.363848943.to_port": "65535"
                        },
                        "meta": {
                            "e2bfb730-ecaa-11e6-8f88-34363bc7c4c0": {
                                "delete": 600000000000
                            }
                        },
                        "tainted": false
                    },
                    "deposed": [],
                    "provider": "provider.openstack"
                },
                "openstack_networking_floatingip_v2.fip": {
                    "type": "openstack_networking_floatingip_v2",
                    "depends_on": [
                        "openstack_compute_instance_v2.controller",
                        "openstack_networking_port_v2.network_port.*"
                    ],
                    "primary": {
                        "id": "b47b5304-34cc-4f2d-bc89-bc529a37c802",
                        "attributes": {
                            "address": "160.44.204.91",
                            "fixed_ip": "192.168.10.5",
                            "id": "b47b5304-34cc-4f2d-bc89-bc529a37c802",
                            "pool": "admin_external_net",
                            "port_id": "4375bac7-06c2-45f4-97e5-3e9f93150761",
                            "region": "eu-de",
                            "tenant_id": "451509055a0343d198276772a8a6c6b0"
                        },
                        "meta": {
                            "e2bfb730-ecaa-11e6-8f88-34363bc7c4c0": {
                                "create": 600000000000,
                                "delete": 600000000000
                            }
                        },
                        "tainted": false
                    },
                    "deposed": [],
                    "provider": "provider.openstack"
                },
                "openstack_networking_network_v2.network": {
                    "type": "openstack_networking_network_v2",
                    "depends_on": [],
                    "primary": {
                        "id": "7157e08b-ec3a-4cf1-a9e5-8b6082e9c932",
                        "attributes": {
                            "admin_state_up": "true",
                            "availability_zone_hints.#": "0",
                            "id": "7157e08b-ec3a-4cf1-a9e5-8b6082e9c932",
                            "name": "terraform-network",
                            "region": "eu-de",
                            "shared": "false",
                            "tenant_id": "451509055a0343d198276772a8a6c6b0"
                        },
                        "meta": {
                            "e2bfb730-ecaa-11e6-8f88-34363bc7c4c0": {
                                "create": 600000000000,
                                "delete": 600000000000
                            }
                        },
                        "tainted": false
                    },
                    "deposed": [],
                    "provider": "provider.openstack"
                },
                "openstack_networking_port_v2.network_port": {
                    "type": "openstack_networking_port_v2",
                    "depends_on": [
                        "openstack_compute_secgroup_v2.secgrp_web",
                        "openstack_networking_network_v2.network",
                        "openstack_networking_subnet_v2.subnet"
                    ],
                    "primary": {
                        "id": "4375bac7-06c2-45f4-97e5-3e9f93150761",
                        "attributes": {
                            "admin_state_up": "true",
                            "all_fixed_ips.#": "1",
                            "all_fixed_ips.0": "192.168.10.5",
                            "all_security_group_ids.#": "1",
                            "all_security_group_ids.2235327154": "beb33e73-a0a9-4c7b-a106-4bfe28865e80",
                            "allowed_address_pairs.#": "0",
                            "device_id": "",
                            "device_owner": "",
                            "fixed_ip.#": "1",
                            "fixed_ip.0.ip_address": "",
                            "fixed_ip.0.subnet_id": "62b24ed6-164e-4667-9d2a-68971293bc48",
                            "id": "4375bac7-06c2-45f4-97e5-3e9f93150761",
                            "mac_address": "fa:16:3e:7e:1a:25",
                            "name": "",
                            "network_id": "7157e08b-ec3a-4cf1-a9e5-8b6082e9c932",
                            "region": "eu-de",
                            "security_group_ids.#": "1",
                            "security_group_ids.2235327154": "beb33e73-a0a9-4c7b-a106-4bfe28865e80",
                            "tenant_id": "451509055a0343d198276772a8a6c6b0"
                        },
                        "meta": {
                            "e2bfb730-ecaa-11e6-8f88-34363bc7c4c0": {
                                "create": 600000000000,
                                "delete": 600000000000
                            }
                        },
                        "tainted": false
                    },
                    "deposed": [],
                    "provider": "provider.openstack"
                },
                "openstack_networking_port_v2.worker_network_port.0": {
                    "type": "openstack_networking_port_v2",
                    "depends_on": [
                        "openstack_compute_secgroup_v2.secgrp_web",
                        "openstack_networking_network_v2.network",
                        "openstack_networking_subnet_v2.subnet"
                    ],
                    "primary": {
                        "id": "67e945b3-a9e0-4202-b9cc-bba9a3872ddf",
                        "attributes": {
                            "admin_state_up": "true",
                            "all_fixed_ips.#": "1",
                            "all_fixed_ips.0": "192.168.10.188",
                            "all_security_group_ids.#": "1",
                            "all_security_group_ids.2235327154": "beb33e73-a0a9-4c7b-a106-4bfe28865e80",
                            "allowed_address_pairs.#": "0",
                            "device_id": "",
                            "device_owner": "",
                            "fixed_ip.#": "1",
                            "fixed_ip.0.ip_address": "",
                            "fixed_ip.0.subnet_id": "62b24ed6-164e-4667-9d2a-68971293bc48",
                            "id": "67e945b3-a9e0-4202-b9cc-bba9a3872ddf",
                            "mac_address": "fa:16:3e:ac:66:6f",
                            "name": "",
                            "network_id": "7157e08b-ec3a-4cf1-a9e5-8b6082e9c932",
                            "region": "eu-de",
                            "security_group_ids.#": "1",
                            "security_group_ids.2235327154": "beb33e73-a0a9-4c7b-a106-4bfe28865e80",
                            "tenant_id": "451509055a0343d198276772a8a6c6b0"
                        },
                        "meta": {
                            "e2bfb730-ecaa-11e6-8f88-34363bc7c4c0": {
                                "create": 600000000000,
                                "delete": 600000000000
                            }
                        },
                        "tainted": false
                    },
                    "deposed": [],
                    "provider": "provider.openstack"
                },
                "openstack_networking_port_v2.worker_network_port.1": {
                    "type": "openstack_networking_port_v2",
                    "depends_on": [
                        "openstack_compute_secgroup_v2.secgrp_web",
                        "openstack_networking_network_v2.network",
                        "openstack_networking_subnet_v2.subnet"
                    ],
                    "primary": {
                        "id": "8f03c0f8-f2c8-45e2-9c29-58dd4d84781c",
                        "attributes": {
                            "admin_state_up": "true",
                            "all_fixed_ips.#": "1",
                            "all_fixed_ips.0": "192.168.10.151",
                            "all_security_group_ids.#": "1",
                            "all_security_group_ids.2235327154": "beb33e73-a0a9-4c7b-a106-4bfe28865e80",
                            "allowed_address_pairs.#": "0",
                            "device_id": "",
                            "device_owner": "",
                            "fixed_ip.#": "1",
                            "fixed_ip.0.ip_address": "",
                            "fixed_ip.0.subnet_id": "62b24ed6-164e-4667-9d2a-68971293bc48",
                            "id": "8f03c0f8-f2c8-45e2-9c29-58dd4d84781c",
                            "mac_address": "fa:16:3e:cc:fd:56",
                            "name": "",
                            "network_id": "7157e08b-ec3a-4cf1-a9e5-8b6082e9c932",
                            "region": "eu-de",
                            "security_group_ids.#": "1",
                            "security_group_ids.2235327154": "beb33e73-a0a9-4c7b-a106-4bfe28865e80",
                            "tenant_id": "451509055a0343d198276772a8a6c6b0"
                        },
                        "meta": {
                            "e2bfb730-ecaa-11e6-8f88-34363bc7c4c0": {
                                "create": 600000000000,
                                "delete": 600000000000
                            }
                        },
                        "tainted": false
                    },
                    "deposed": [],
                    "provider": "provider.openstack"
                },
                "openstack_networking_port_v2.worker_network_port.2": {
                    "type": "openstack_networking_port_v2",
                    "depends_on": [
                        "openstack_compute_secgroup_v2.secgrp_web",
                        "openstack_networking_network_v2.network",
                        "openstack_networking_subnet_v2.subnet"
                    ],
                    "primary": {
                        "id": "c49a06da-e5bb-4a97-9d4c-082629c3132a",
                        "attributes": {
                            "admin_state_up": "true",
                            "all_fixed_ips.#": "1",
                            "all_fixed_ips.0": "192.168.10.95",
                            "all_security_group_ids.#": "1",
                            "all_security_group_ids.2235327154": "beb33e73-a0a9-4c7b-a106-4bfe28865e80",
                            "allowed_address_pairs.#": "0",
                            "device_id": "",
                            "device_owner": "",
                            "fixed_ip.#": "1",
                            "fixed_ip.0.ip_address": "",
                            "fixed_ip.0.subnet_id": "62b24ed6-164e-4667-9d2a-68971293bc48",
                            "id": "c49a06da-e5bb-4a97-9d4c-082629c3132a",
                            "mac_address": "fa:16:3e:3b:5a:f1",
                            "name": "",
                            "network_id": "7157e08b-ec3a-4cf1-a9e5-8b6082e9c932",
                            "region": "eu-de",
                            "security_group_ids.#": "1",
                            "security_group_ids.2235327154": "beb33e73-a0a9-4c7b-a106-4bfe28865e80",
                            "tenant_id": "451509055a0343d198276772a8a6c6b0"
                        },
                        "meta": {
                            "e2bfb730-ecaa-11e6-8f88-34363bc7c4c0": {
                                "create": 600000000000,
                                "delete": 600000000000
                            }
                        },
                        "tainted": false
                    },
                    "deposed": [],
                    "provider": "provider.openstack"
                },
                "openstack_networking_port_v2.worker_network_port.3": {
                    "type": "openstack_networking_port_v2",
                    "depends_on": [
                        "openstack_compute_secgroup_v2.secgrp_web",
                        "openstack_networking_network_v2.network",
                        "openstack_networking_subnet_v2.subnet"
                    ],
                    "primary": {
                        "id": "b50920ce-684c-4bdf-9437-a6a829232a6a",
                        "attributes": {
                            "admin_state_up": "true",
                            "all_fixed_ips.#": "1",
                            "all_fixed_ips.0": "192.168.10.135",
                            "all_security_group_ids.#": "1",
                            "all_security_group_ids.2235327154": "beb33e73-a0a9-4c7b-a106-4bfe28865e80",
                            "allowed_address_pairs.#": "0",
                            "device_id": "",
                            "device_owner": "",
                            "fixed_ip.#": "1",
                            "fixed_ip.0.ip_address": "",
                            "fixed_ip.0.subnet_id": "62b24ed6-164e-4667-9d2a-68971293bc48",
                            "id": "b50920ce-684c-4bdf-9437-a6a829232a6a",
                            "mac_address": "fa:16:3e:cb:34:c9",
                            "name": "",
                            "network_id": "7157e08b-ec3a-4cf1-a9e5-8b6082e9c932",
                            "region": "eu-de",
                            "security_group_ids.#": "1",
                            "security_group_ids.2235327154": "beb33e73-a0a9-4c7b-a106-4bfe28865e80",
                            "tenant_id": "451509055a0343d198276772a8a6c6b0"
                        },
                        "meta": {
                            "e2bfb730-ecaa-11e6-8f88-34363bc7c4c0": {
                                "create": 600000000000,
                                "delete": 600000000000
                            }
                        },
                        "tainted": false
                    },
                    "deposed": [],
                    "provider": "provider.openstack"
                },
                "openstack_networking_port_v2.worker_network_port.4": {
                    "type": "openstack_networking_port_v2",
                    "depends_on": [
                        "openstack_compute_secgroup_v2.secgrp_web",
                        "openstack_networking_network_v2.network",
                        "openstack_networking_subnet_v2.subnet"
                    ],
                    "primary": {
                        "id": "21000c85-a743-413e-94cc-fd022ba1f8e8",
                        "attributes": {
                            "admin_state_up": "true",
                            "all_fixed_ips.#": "1",
                            "all_fixed_ips.0": "192.168.10.13",
                            "all_security_group_ids.#": "1",
                            "all_security_group_ids.2235327154": "beb33e73-a0a9-4c7b-a106-4bfe28865e80",
                            "allowed_address_pairs.#": "0",
                            "device_id": "",
                            "device_owner": "",
                            "fixed_ip.#": "1",
                            "fixed_ip.0.ip_address": "",
                            "fixed_ip.0.subnet_id": "62b24ed6-164e-4667-9d2a-68971293bc48",
                            "id": "21000c85-a743-413e-94cc-fd022ba1f8e8",
                            "mac_address": "fa:16:3e:30:45:f5",
                            "name": "",
                            "network_id": "7157e08b-ec3a-4cf1-a9e5-8b6082e9c932",
                            "region": "eu-de",
                            "security_group_ids.#": "1",
                            "security_group_ids.2235327154": "beb33e73-a0a9-4c7b-a106-4bfe28865e80",
                            "tenant_id": "451509055a0343d198276772a8a6c6b0"
                        },
                        "meta": {
                            "e2bfb730-ecaa-11e6-8f88-34363bc7c4c0": {
                                "create": 600000000000,
                                "delete": 600000000000
                            }
                        },
                        "tainted": false
                    },
                    "deposed": [],
                    "provider": "provider.openstack"
                },
                "openstack_networking_router_interface_v2.interface": {
                    "type": "openstack_networking_router_interface_v2",
                    "depends_on": [
                        "openstack_networking_router_v2.router",
                        "openstack_networking_subnet_v2.subnet"
                    ],
                    "primary": {
                        "id": "c10fbd26-e361-40d7-bd81-b27d73c6a847",
                        "attributes": {
                            "id": "c10fbd26-e361-40d7-bd81-b27d73c6a847",
                            "port_id": "c10fbd26-e361-40d7-bd81-b27d73c6a847",
                            "region": "eu-de",
                            "router_id": "c55acfa4-37b9-4567-8a66-e859b9487609",
                            "subnet_id": "62b24ed6-164e-4667-9d2a-68971293bc48"
                        },
                        "meta": {
                            "e2bfb730-ecaa-11e6-8f88-34363bc7c4c0": {
                                "create": 600000000000,
                                "delete": 600000000000
                            }
                        },
                        "tainted": false
                    },
                    "deposed": [],
                    "provider": "provider.openstack"
                },
                "openstack_networking_router_v2.router": {
                    "type": "openstack_networking_router_v2",
                    "depends_on": [
                        "data.openstack_networking_network_v2.extnet"
                    ],
                    "primary": {
                        "id": "c55acfa4-37b9-4567-8a66-e859b9487609",
                        "attributes": {
                            "admin_state_up": "true",
                            "availability_zone_hints.#": "0",
                            "distributed": "false",
                            "enable_snat": "true",
                            "external_fixed_ip.#": "0",
                            "external_gateway": "0a2228f2-7f8a-45f1-8e09-9039e1d09975",
                            "external_network_id": "0a2228f2-7f8a-45f1-8e09-9039e1d09975",
                            "id": "c55acfa4-37b9-4567-8a66-e859b9487609",
                            "name": "terraform-router",
                            "region": "eu-de",
                            "tenant_id": "451509055a0343d198276772a8a6c6b0"
                        },
                        "meta": {
                            "e2bfb730-ecaa-11e6-8f88-34363bc7c4c0": {
                                "create": 600000000000,
                                "delete": 600000000000
                            }
                        },
                        "tainted": false
                    },
                    "deposed": [],
                    "provider": "provider.openstack"
                },
                "openstack_networking_subnet_v2.subnet": {
                    "type": "openstack_networking_subnet_v2",
                    "depends_on": [
                        "openstack_networking_network_v2.network"
                    ],
                    "primary": {
                        "id": "62b24ed6-164e-4667-9d2a-68971293bc48",
                        "attributes": {
                            "allocation_pools.#": "1",
                            "allocation_pools.0.end": "192.168.10.251",
                            "allocation_pools.0.start": "192.168.10.2",
                            "cidr": "192.168.10.0/24",
                            "dns_nameservers.#": "2",
                            "dns_nameservers.0": "100.125.4.25",
                            "dns_nameservers.1": "8.8.4.4",
                            "enable_dhcp": "true",
                            "gateway_ip": "192.168.10.1",
                            "host_routes.#": "0",
                            "id": "62b24ed6-164e-4667-9d2a-68971293bc48",
                            "ip_version": "4",
                            "ipv6_address_mode": "",
                            "ipv6_ra_mode": "",
                            "name": "terraform-subnet",
                            "network_id": "7157e08b-ec3a-4cf1-a9e5-8b6082e9c932",
                            "no_gateway": "false",
                            "region": "eu-de",
                            "subnetpool_id": "",
                            "tenant_id": "451509055a0343d198276772a8a6c6b0"
                        },
                        "meta": {
                            "e2bfb730-ecaa-11e6-8f88-34363bc7c4c0": {
                                "create": 600000000000,
                                "delete": 600000000000
                            }
                        },
                        "tainted": false
                    },
                    "deposed": [],
                    "provider": "provider.openstack"
                }
            },
            "depends_on": []
        }
    ]
}
